github.com/herumi/bls-eth-go-binary v0.0.0-20200522010937-01d282b5380b h1:mu+F5uA3Y68oB6KXZqWlASKMetbNufhQx2stMI+sD+Y=
github.com/herumi/bls-eth-go-binary v0.0.0-20200522010937-01d282b5380b/go.mod h1:luAnRm3OsMQeokhGzpYmc0ZKwawY7o87PUEP11Z7r7U=
github.com/minio/sha256-simd v0.1.0 h1:U41/2erhAKcmSI14xh/ZTUdBPOzDOIfS93ibzUSl8KM=
github.com/minio/sha256-simd v0.1.0/go.mod h1:2FMWW+8GMoPweT6+pI63m9YE3Lmw4J71hV56Chs1E/U=
github.com/protolambda/messagediff v1.4.0/go.mod h1:LboJp0EwIbJsePYpzh5Op/9G1/4mIztMRYzzwR0dR2M=
github.com/protolambda/zrnt v0.13.2 h1:IklG+TNbdAehK5jyoBYpdG6wce0lDE8CcPFmZDok9JY=
github.com/protolambda/zrnt v0.13.2/go.mod h1:rJSDrwIyY6L5L3GvOivJDgJDqvIfpNWIIWB0C3v3SVY=
github.com/protolambda/ztyp v0.1.2 h1:wT8ansBvtUR48bKgo3ZraXWUKNfds0kabBIWyo9zGvA=
github.com/protolambda/ztyp v0.1.2/go.mod h1:u9yT4ioIokwlHrOfiZ52ezHfKdza3phxhTJix01vGgU=
gopkg.in/check.v1 v0.0.0-20161208181325-20d25e280405/go.mod h1:Co6ibVJAznAaIkqp8huTwlJQCZ016jof/cbN4VW5Yz0=
gopkg.in/yaml.v3 v3.0.0-20200615113413-eeeca48fe776/go.mod h1:K4uyk7z7BCEPqu6E+C64Yfv1cQ7kz7rIZviUmN+EgEM=
